
Microsoft Visual Studio Solution File, Format Version 12.00
# Visual Studio 2012
Project("{FAE04EC0-301F-11D3-BF4B-00C04F79EFBC}") = "novo", "C:\Workspaces\247 Monitoring\projects\novo\repository\intel\win32\cs4_5\novo.csproj", "{A6457078-B4B4-486A-B546-8C37A83E1E2C}"
	ProjectSection(ProjectDependencies) = postProject
		{B003CE95-E55B-4AA9-8817-342CF25AADF0} = {B003CE95-E55B-4AA9-8817-342CF25AADF0}
	EndProjectSection
Project("{FAE04EC0-301F-11D3-BF4B-00C04F79EFBC}") = "247 Monitoring", "C:\Workspaces\247 Monitoring\repository\intel\win32\cs4_5\247 Monitoring.csproj", "{B003CE95-E55B-4AA9-8817-342CF25AADF0}"
EndProject
Global
	GlobalSection(SolutionConfigurationPlatforms) = preSolution
		Debug|Any CPU = Debug|Any CPU
		Release|Any CPU = Release|Any CPU
	EndGlobalSection
	GlobalSection(ProjectConfigurationPlatforms) = postSolution
		{A6457078-B4B4-486A-B546-8C37A83E1E2C}.Debug|Any CPU.ActiveCfg = Debug|Any CPU
		{A6457078-B4B4-486A-B546-8C37A83E1E2C}.Debug|Any CPU.Build.0 = Debug|Any CPU
		{A6457078-B4B4-486A-B546-8C37A83E1E2C}.Release|Any CPU.ActiveCfg = Release|Any CPU
		{A6457078-B4B4-486A-B546-8C37A83E1E2C}.Release|Any CPU.Build.0 = Release|Any CPU
		{B003CE95-E55B-4AA9-8817-342CF25AADF0}.Debug|Any CPU.ActiveCfg = Debug|Any CPU
		{B003CE95-E55B-4AA9-8817-342CF25AADF0}.Debug|Any CPU.Build.0 = Debug|Any CPU
		{B003CE95-E55B-4AA9-8817-342CF25AADF0}.Release|Any CPU.ActiveCfg = Release|Any CPU
		{B003CE95-E55B-4AA9-8817-342CF25AADF0}.Release|Any CPU.Build.0 = Release|Any CPU
	EndGlobalSection
	GlobalSection(SolutionProperties) = preSolution
		HideSolutionNode = FALSE
	EndGlobalSection
EndGlobal
